// !$*UTF8*$!
{
	archiveVersion = 1;
	classes = {
	};
	objectVersion = 56;
	objects = {

/* Begin PBXBuildFile section */
		4AB2DF2B2919F3C6003C9A76 /* Force1_0App.swift in Sources */ = {isa = PBXBuildFile; fileRef = 4AB2DF2A2919F3C6003C9A76 /* Force1_0App.swift */; };
		4AB2DF2D2919F3C6003C9A76 /* ContentView.swift in Sources */ = {isa = PBXBuildFile; fileRef = 4AB2DF2C2919F3C6003C9A76 /* ContentView.swift */; };
		4AB2DF2F2919F3C7003C9A76 /* Assets.xcassets in Resources */ = {isa = PBXBuildFile; fileRef = 4AB2DF2E2919F3C7003C9A76 /* Assets.xcassets */; };
		4AB2DF322919F3C7003C9A76 /* Preview Assets.xcassets in Resources */ = {isa = PBXBuildFile; fileRef = 4AB2DF312919F3C7003C9A76 /* Preview Assets.xcassets */; };
		4AB2DF3C2919F3C7003C9A76 /* Force1_0Tests.swift in Sources */ = {isa = PBXBuildFile; fileRef = 4AB2DF3B2919F3C7003C9A76 /* Force1_0Tests.swift */; };
		4AB2DF462919F3C7003C9A76 /* Force1_0UITests.swift in Sources */ = {isa = PBXBuildFile; fileRef = 4AB2DF452919F3C7003C9A76 /* Force1_0UITests.swift */; };
		4AB2DF482919F3C7003C9A76 /* Force1_0UITestsLaunchTests.swift in Sources */ = {isa = PBXBuildFile; fileRef = 4AB2DF472919F3C7003C9A76 /* Force1_0UITestsLaunchTests.swift */; };
		4AB2DF5A2919F5DE003C9A76 /* HapticManager.swift in Sources */ = {isa = PBXBuildFile; fileRef = 4AB2DF592919F5DE003C9A76 /* HapticManager.swift */; };
		4AB2DF5C2919F61A003C9A76 /* TabBarView.swift in Sources */ = {isa = PBXBuildFile; fileRef = 4AB2DF5B2919F61A003C9A76 /* TabBarView.swift */; };
		4AB2DF5E2919F657003C9A76 /* CustomTabBar.swift in Sources */ = {isa = PBXBuildFile; fileRef = 4AB2DF5D2919F657003C9A76 /* CustomTabBar.swift */; };
		4AB2DF602919F6BF003C9A76 /* CustomTabBarContainer.swift in Sources */ = {isa = PBXBuildFile; fileRef = 4AB2DF5F2919F6BF003C9A76 /* CustomTabBarContainer.swift */; };
		4AB2DF642919F73C003C9A76 /* TabBarItem.swift in Sources */ = {isa = PBXBuildFile; fileRef = 4AB2DF632919F73C003C9A76 /* TabBarItem.swift */; };
		4AB2DF662919F77C003C9A76 /* CustomTabBarPreferenceKey.swift in Sources */ = {isa = PBXBuildFile; fileRef = 4AB2DF652919F77C003C9A76 /* CustomTabBarPreferenceKey.swift */; };
		4AB2DF682919F7DA003C9A76 /* SettingsScreen.swift in Sources */ = {isa = PBXBuildFile; fileRef = 4AB2DF672919F7DA003C9A76 /* SettingsScreen.swift */; };
		4AB2DF6A2919F7F9003C9A76 /* WorkoutListScreen.swift in Sources */ = {isa = PBXBuildFile; fileRef = 4AB2DF692919F7F9003C9A76 /* WorkoutListScreen.swift */; };
		4AB2DF6C2919F810003C9A76 /* SummaryScreen.swift in Sources */ = {isa = PBXBuildFile; fileRef = 4AB2DF6B2919F810003C9A76 /* SummaryScreen.swift */; };
		4AB2DF6E291A0061003C9A76 /* DailyWorkout.swift in Sources */ = {isa = PBXBuildFile; fileRef = 4AB2DF6D291A0061003C9A76 /* DailyWorkout.swift */; };
		4AB2DF70291A0106003C9A76 /* History.swift in Sources */ = {isa = PBXBuildFile; fileRef = 4AB2DF6F291A0106003C9A76 /* History.swift */; };
		4AB2DF72291A012F003C9A76 /* HistoryView.swift in Sources */ = {isa = PBXBuildFile; fileRef = 4AB2DF71291A012F003C9A76 /* HistoryView.swift */; };
		4AB2DF74291A1624003C9A76 /* DetailScreen.swift in Sources */ = {isa = PBXBuildFile; fileRef = 4AB2DF73291A1624003C9A76 /* DetailScreen.swift */; };
		4AB2DF76291A163A003C9A76 /* CardView.swift in Sources */ = {isa = PBXBuildFile; fileRef = 4AB2DF75291A163A003C9A76 /* CardView.swift */; };
		4AB2DF7A291A1BDF003C9A76 /* Color+Codable.swift in Sources */ = {isa = PBXBuildFile; fileRef = 4AB2DF79291A1BDF003C9A76 /* Color+Codable.swift */; };
		4AB2DF7D291A2345003C9A76 /* Realm in Frameworks */ = {isa = PBXBuildFile; productRef = 4AB2DF7C291A2345003C9A76 /* Realm */; };
		4AB2DF7F291A2345003C9A76 /* RealmSwift in Frameworks */ = {isa = PBXBuildFile; productRef = 4AB2DF7E291A2345003C9A76 /* RealmSwift */; };
		4AB2DF81291AEEFB003C9A76 /* EditScreen.swift in Sources */ = {isa = PBXBuildFile; fileRef = 4AB2DF80291AEEFB003C9A76 /* EditScreen.swift */; };
		4AB2DF83291AFB7E003C9A76 /* AddWorkoutButton.swift in Sources */ = {isa = PBXBuildFile; fileRef = 4AB2DF82291AFB7E003C9A76 /* AddWorkoutButton.swift */; };
		4AB2DF85291B140F003C9A76 /* SettingsLabelView.swift in Sources */ = {isa = PBXBuildFile; fileRef = 4AB2DF84291B140F003C9A76 /* SettingsLabelView.swift */; };
		4AB2DF87291B1475003C9A76 /* SettingsRowView.swift in Sources */ = {isa = PBXBuildFile; fileRef = 4AB2DF86291B1475003C9A76 /* SettingsRowView.swift */; };
		4AB2DF89291B1598003C9A76 /* SettingsEditTextView.swift in Sources */ = {isa = PBXBuildFile; fileRef = 4AB2DF88291B1598003C9A76 /* SettingsEditTextView.swift */; };
		4AB2DF8B291B16C7003C9A76 /* SettingsEditImageView.swift in Sources */ = {isa = PBXBuildFile; fileRef = 4AB2DF8A291B16C7003C9A76 /* SettingsEditImageView.swift */; };
/* End PBXBuildFile section */

/* Begin PBXContainerItemProxy section */
		4AB2DF382919F3C7003C9A76 /* PBXContainerItemProxy */ = {
			isa = PBXContainerItemProxy;
			containerPortal = 4AB2DF1F2919F3C6003C9A76 /* Project object */;
			proxyType = 1;
			remoteGlobalIDString = 4AB2DF262919F3C6003C9A76;
			remoteInfo = Force1.0;
		};
		4AB2DF422919F3C7003C9A76 /* PBXContainerItemProxy */ = {
			isa = PBXContainerItemProxy;
			containerPortal = 4AB2DF1F2919F3C6003C9A76 /* Project object */;
			proxyType = 1;
			remoteGlobalIDString = 4AB2DF262919F3C6003C9A76;
			remoteInfo = Force1.0;
		};
/* End PBXContainerItemProxy section */

/* Begin PBXFileReference section */
		4AB2DF272919F3C6003C9A76 /* Force1.0.app */ = {isa = PBXFileReference; explicitFileType = wrapper.application; includeInIndex = 0; path = Force1.0.app; sourceTree = BUILT_PRODUCTS_DIR; };
		4AB2DF2A2919F3C6003C9A76 /* Force1_0App.swift */ = {isa = PBXFileReference; lastKnownFileType = sourcecode.swift; path = Force1_0App.swift; sourceTree = "<group>"; };
		4AB2DF2C2919F3C6003C9A76 /* ContentView.swift */ = {isa = PBXFileReference; lastKnownFileType = sourcecode.swift; path = ContentView.swift; sourceTree = "<group>"; };
		4AB2DF2E2919F3C7003C9A76 /* Assets.xcassets */ = {isa = PBXFileReference; lastKnownFileType = folder.assetcatalog; path = Assets.xcassets; sourceTree = "<group>"; };
		4AB2DF312919F3C7003C9A76 /* Preview Assets.xcassets */ = {isa = PBXFileReference; lastKnownFileType = folder.assetcatalog; path = "Preview Assets.xcassets"; sourceTree = "<group>"; };
		4AB2DF372919F3C7003C9A76 /* Force1.0Tests.xctest */ = {isa = PBXFileReference; explicitFileType = wrapper.cfbundle; includeInIndex = 0; path = Force1.0Tests.xctest; sourceTree = BUILT_PRODUCTS_DIR; };
		4AB2DF3B2919F3C7003C9A76 /* Force1_0Tests.swift */ = {isa = PBXFileReference; lastKnownFileType = sourcecode.swift; path = Force1_0Tests.swift; sourceTree = "<group>"; };
		4AB2DF412919F3C7003C9A76 /* Force1.0UITests.xctest */ = {isa = PBXFileReference; explicitFileType = wrapper.cfbundle; includeInIndex = 0; path = Force1.0UITests.xctest; sourceTree = BUILT_PRODUCTS_DIR; };
		4AB2DF452919F3C7003C9A76 /* Force1_0UITests.swift */ = {isa = PBXFileReference; lastKnownFileType = sourcecode.swift; path = Force1_0UITests.swift; sourceTree = "<group>"; };
		4AB2DF472919F3C7003C9A76 /* Force1_0UITestsLaunchTests.swift */ = {isa = PBXFileReference; lastKnownFileType = sourcecode.swift; path = Force1_0UITestsLaunchTests.swift; sourceTree = "<group>"; };
		4AB2DF592919F5DE003C9A76 /* HapticManager.swift */ = {isa = PBXFileReference; lastKnownFileType = sourcecode.swift; path = HapticManager.swift; sourceTree = "<group>"; };
		4AB2DF5B2919F61A003C9A76 /* TabBarView.swift */ = {isa = PBXFileReference; lastKnownFileType = sourcecode.swift; path = TabBarView.swift; sourceTree = "<group>"; };
		4AB2DF5D2919F657003C9A76 /* CustomTabBar.swift */ = {isa = PBXFileReference; lastKnownFileType = sourcecode.swift; path = CustomTabBar.swift; sourceTree = "<group>"; };
		4AB2DF5F2919F6BF003C9A76 /* CustomTabBarContainer.swift */ = {isa = PBXFileReference; lastKnownFileType = sourcecode.swift; path = CustomTabBarContainer.swift; sourceTree = "<group>"; };
		4AB2DF632919F73C003C9A76 /* TabBarItem.swift */ = {isa = PBXFileReference; lastKnownFileType = sourcecode.swift; path = TabBarItem.swift; sourceTree = "<group>"; };
		4AB2DF652919F77C003C9A76 /* CustomTabBarPreferenceKey.swift */ = {isa = PBXFileReference; lastKnownFileType = sourcecode.swift; path = CustomTabBarPreferenceKey.swift; sourceTree = "<group>"; };
		4AB2DF672919F7DA003C9A76 /* SettingsScreen.swift */ = {isa = PBXFileReference; lastKnownFileType = sourcecode.swift; path = SettingsScreen.swift; sourceTree = "<group>"; };
		4AB2DF692919F7F9003C9A76 /* WorkoutListScreen.swift */ = {isa = PBXFileReference; lastKnownFileType = sourcecode.swift; path = WorkoutListScreen.swift; sourceTree = "<group>"; };
		4AB2DF6B2919F810003C9A76 /* SummaryScreen.swift */ = {isa = PBXFileReference; lastKnownFileType = sourcecode.swift; path = SummaryScreen.swift; sourceTree = "<group>"; };
		4AB2DF6D291A0061003C9A76 /* DailyWorkout.swift */ = {isa = PBXFileReference; lastKnownFileType = sourcecode.swift; path = DailyWorkout.swift; sourceTree = "<group>"; };
		4AB2DF6F291A0106003C9A76 /* History.swift */ = {isa = PBXFileReference; lastKnownFileType = sourcecode.swift; path = History.swift; sourceTree = "<group>"; };
		4AB2DF71291A012F003C9A76 /* HistoryView.swift */ = {isa = PBXFileReference; lastKnownFileType = sourcecode.swift; path = HistoryView.swift; sourceTree = "<group>"; };
		4AB2DF73291A1624003C9A76 /* DetailScreen.swift */ = {isa = PBXFileReference; lastKnownFileType = sourcecode.swift; path = DetailScreen.swift; sourceTree = "<group>"; };
		4AB2DF75291A163A003C9A76 /* CardView.swift */ = {isa = PBXFileReference; lastKnownFileType = sourcecode.swift; path = CardView.swift; sourceTree = "<group>"; };
		4AB2DF79291A1BDF003C9A76 /* Color+Codable.swift */ = {isa = PBXFileReference; lastKnownFileType = sourcecode.swift; path = "Color+Codable.swift"; sourceTree = "<group>"; };
		4AB2DF80291AEEFB003C9A76 /* EditScreen.swift */ = {isa = PBXFileReference; lastKnownFileType = sourcecode.swift; path = EditScreen.swift; sourceTree = "<group>"; };
		4AB2DF82291AFB7E003C9A76 /* AddWorkoutButton.swift */ = {isa = PBXFileReference; lastKnownFileType = sourcecode.swift; path = AddWorkoutButton.swift; sourceTree = "<group>"; };
		4AB2DF84291B140F003C9A76 /* SettingsLabelView.swift */ = {isa = PBXFileReference; lastKnownFileType = sourcecode.swift; path = SettingsLabelView.swift; sourceTree = "<group>"; };
		4AB2DF86291B1475003C9A76 /* SettingsRowView.swift */ = {isa = PBXFileReference; lastKnownFileType = sourcecode.swift; path = SettingsRowView.swift; sourceTree = "<group>"; };
		4AB2DF88291B1598003C9A76 /* SettingsEditTextView.swift */ = {isa = PBXFileReference; lastKnownFileType = sourcecode.swift; path = SettingsEditTextView.swift; sourceTree = "<group>"; };
		4AB2DF8A291B16C7003C9A76 /* SettingsEditImageView.swift */ = {isa = PBXFileReference; lastKnownFileType = sourcecode.swift; path = SettingsEditImageView.swift; sourceTree = "<group>"; };
/* End PBXFileReference section */

/* Begin PBXFrameworksBuildPhase section */
		4AB2DF242919F3C6003C9A76 /* Frameworks */ = {
			isa = PBXFrameworksBuildPhase;
			buildActionMask = 2147483647;
			files = (
				4AB2DF7F291A2345003C9A76 /* RealmSwift in Frameworks */,
				4AB2DF7D291A2345003C9A76 /* Realm in Frameworks */,
			);
			runOnlyForDeploymentPostprocessing = 0;
		};
		4AB2DF342919F3C7003C9A76 /* Frameworks */ = {
			isa = PBXFrameworksBuildPhase;
			buildActionMask = 2147483647;
			files = (
			);
			runOnlyForDeploymentPostprocessing = 0;
		};
		4AB2DF3E2919F3C7003C9A76 /* Frameworks */ = {
			isa = PBXFrameworksBuildPhase;
			buildActionMask = 2147483647;
			files = (
			);
			runOnlyForDeploymentPostprocessing = 0;
		};
/* End PBXFrameworksBuildPhase section */

/* Begin PBXGroup section */
		4AB2DF1E2919F3C6003C9A76 = {
			isa = PBXGroup;
			children = (
				4AB2DF2A2919F3C6003C9A76 /* Force1_0App.swift */,
				4AB2DF292919F3C6003C9A76 /* Force1.0 */,
				4AB2DF3A2919F3C7003C9A76 /* Force1.0Tests */,
				4AB2DF442919F3C7003C9A76 /* Force1.0UITests */,
				4AB2DF282919F3C6003C9A76 /* Products */,
			);
			sourceTree = "<group>";
		};
		4AB2DF282919F3C6003C9A76 /* Products */ = {
			isa = PBXGroup;
			children = (
				4AB2DF272919F3C6003C9A76 /* Force1.0.app */,
				4AB2DF372919F3C7003C9A76 /* Force1.0Tests.xctest */,
				4AB2DF412919F3C7003C9A76 /* Force1.0UITests.xctest */,
			);
			name = Products;
			sourceTree = "<group>";
		};
		4AB2DF292919F3C6003C9A76 /* Force1.0 */ = {
			isa = PBXGroup;
			children = (
				4AB2DF582919F48F003C9A76 /* Extensions */,
				4AB2DF562919F47E003C9A76 /* Manager */,
				4AB2DF552919F470003C9A76 /* Models */,
				4AB2DF542919F458003C9A76 /* Views */,
				4AB2DF572919F487003C9A76 /* Screens */,
				4AB2DF2E2919F3C7003C9A76 /* Assets.xcassets */,
				4AB2DF302919F3C7003C9A76 /* Preview Content */,
			);
			path = Force1.0;
			sourceTree = "<group>";
		};
		4AB2DF302919F3C7003C9A76 /* Preview Content */ = {
			isa = PBXGroup;
			children = (
				4AB2DF312919F3C7003C9A76 /* Preview Assets.xcassets */,
			);
			path = "Preview Content";
			sourceTree = "<group>";
		};
		4AB2DF3A2919F3C7003C9A76 /* Force1.0Tests */ = {
			isa = PBXGroup;
			children = (
				4AB2DF3B2919F3C7003C9A76 /* Force1_0Tests.swift */,
			);
			path = Force1.0Tests;
			sourceTree = "<group>";
		};
		4AB2DF442919F3C7003C9A76 /* Force1.0UITests */ = {
			isa = PBXGroup;
			children = (
				4AB2DF452919F3C7003C9A76 /* Force1_0UITests.swift */,
				4AB2DF472919F3C7003C9A76 /* Force1_0UITestsLaunchTests.swift */,
			);
			path = Force1.0UITests;
			sourceTree = "<group>";
		};
		4AB2DF542919F458003C9A76 /* Views */ = {
			isa = PBXGroup;
			children = (
				4AB2DF86291B1475003C9A76 /* SettingsRowView.swift */,
				4AB2DF75291A163A003C9A76 /* CardView.swift */,
				4AB2DF71291A012F003C9A76 /* HistoryView.swift */,
				4AB2DF84291B140F003C9A76 /* SettingsLabelView.swift */,
				4AB2DF88291B1598003C9A76 /* SettingsEditTextView.swift */,
				4AB2DF82291AFB7E003C9A76 /* AddWorkoutButton.swift */,
				4AB2DF2C2919F3C6003C9A76 /* ContentView.swift */,
				4AB2DF612919F6DE003C9A76 /* CustomTabBar */,
				4AB2DF8A291B16C7003C9A76 /* SettingsEditImageView.swift */,
			);
			path = Views;
			sourceTree = "<group>";
		};
		4AB2DF552919F470003C9A76 /* Models */ = {
			isa = PBXGroup;
			children = (
				4AB2DF6F291A0106003C9A76 /* History.swift */,
				4AB2DF6D291A0061003C9A76 /* DailyWorkout.swift */,
				4AB2DF622919F712003C9A76 /* CustomTabBarModels */,
				4AB2DF79291A1BDF003C9A76 /* Color+Codable.swift */,
			);
			path = Models;
			sourceTree = "<group>";
		};
		4AB2DF562919F47E003C9A76 /* Manager */ = {
			isa = PBXGroup;
			children = (
				4AB2DF592919F5DE003C9A76 /* HapticManager.swift */,
			);
			path = Manager;
			sourceTree = "<group>";
		};
		4AB2DF572919F487003C9A76 /* Screens */ = {
			isa = PBXGroup;
			children = (
				4AB2DF672919F7DA003C9A76 /* SettingsScreen.swift */,
				4AB2DF692919F7F9003C9A76 /* WorkoutListScreen.swift */,
				4AB2DF6B2919F810003C9A76 /* SummaryScreen.swift */,
				4AB2DF73291A1624003C9A76 /* DetailScreen.swift */,
				4AB2DF80291AEEFB003C9A76 /* EditScreen.swift */,
			);
			path = Screens;
			sourceTree = "<group>";
		};
		4AB2DF582919F48F003C9A76 /* Extensions */ = {
			isa = PBXGroup;
			children = (
			);
			path = Extensions;
			sourceTree = "<group>";
		};
		4AB2DF612919F6DE003C9A76 /* CustomTabBar */ = {
			isa = PBXGroup;
			children = (
				4AB2DF5F2919F6BF003C9A76 /* CustomTabBarContainer.swift */,
				4AB2DF5D2919F657003C9A76 /* CustomTabBar.swift */,
				4AB2DF5B2919F61A003C9A76 /* TabBarView.swift */,
			);
			path = CustomTabBar;
			sourceTree = "<group>";
		};
		4AB2DF622919F712003C9A76 /* CustomTabBarModels */ = {
			isa = PBXGroup;
			children = (
				4AB2DF632919F73C003C9A76 /* TabBarItem.swift */,
				4AB2DF652919F77C003C9A76 /* CustomTabBarPreferenceKey.swift */,
			);
			path = CustomTabBarModels;
			sourceTree = "<group>";
		};
/* End PBXGroup section */

/* Begin PBXNativeTarget section */
		4AB2DF262919F3C6003C9A76 /* Force1.0 */ = {
			isa = PBXNativeTarget;
			buildConfigurationList = 4AB2DF4B2919F3C7003C9A76 /* Build configuration list for PBXNativeTarget "Force1.0" */;
			buildPhases = (
				4AB2DF232919F3C6003C9A76 /* Sources */,
				4AB2DF242919F3C6003C9A76 /* Frameworks */,
				4AB2DF252919F3C6003C9A76 /* Resources */,
			);
			buildRules = (
			);
			dependencies = (
			);
			name = Force1.0;
			packageProductDependencies = (
				4AB2DF7C291A2345003C9A76 /* Realm */,
				4AB2DF7E291A2345003C9A76 /* RealmSwift */,
			);
			productName = Force1.0;
			productReference = 4AB2DF272919F3C6003C9A76 /* Force1.0.app */;
			productType = "com.apple.product-type.application";
		};
		4AB2DF362919F3C7003C9A76 /* Force1.0Tests */ = {
			isa = PBXNativeTarget;
			buildConfigurationList = 4AB2DF4E2919F3C7003C9A76 /* Build configuration list for PBXNativeTarget "Force1.0Tests" */;
			buildPhases = (
				4AB2DF332919F3C7003C9A76 /* Sources */,
				4AB2DF342919F3C7003C9A76 /* Frameworks */,
				4AB2DF352919F3C7003C9A76 /* Resources */,
			);
			buildRules = (
			);
			dependencies = (
				4AB2DF392919F3C7003C9A76 /* PBXTargetDependency */,
			);
			name = Force1.0Tests;
			productName = Force1.0Tests;
			productReference = 4AB2DF372919F3C7003C9A76 /* Force1.0Tests.xctest */;
			productType = "com.apple.product-type.bundle.unit-test";
		};
		4AB2DF402919F3C7003C9A76 /* Force1.0UITests */ = {
			isa = PBXNativeTarget;
			buildConfigurationList = 4AB2DF512919F3C7003C9A76 /* Build configuration list for PBXNativeTarget "Force1.0UITests" */;
			buildPhases = (
				4AB2DF3D2919F3C7003C9A76 /* Sources */,
				4AB2DF3E2919F3C7003C9A76 /* Frameworks */,
				4AB2DF3F2919F3C7003C9A76 /* Resources */,
			);
			buildRules = (
			);
			dependencies = (
				4AB2DF432919F3C7003C9A76 /* PBXTargetDependency */,
			);
			name = Force1.0UITests;
			productName = Force1.0UITests;
			productReference = 4AB2DF412919F3C7003C9A76 /* Force1.0UITests.xctest */;
			productType = "com.apple.product-type.bundle.ui-testing";
		};
/* End PBXNativeTarget section */

/* Begin PBXProject section */
		4AB2DF1F2919F3C6003C9A76 /* Project object */ = {
			isa = PBXProject;
			attributes = {
				BuildIndependentTargetsInParallel = 1;
				LastSwiftUpdateCheck = 1410;
				LastUpgradeCheck = 1410;
				TargetAttributes = {
					4AB2DF262919F3C6003C9A76 = {
						CreatedOnToolsVersion = 14.1;
					};
					4AB2DF362919F3C7003C9A76 = {
						CreatedOnToolsVersion = 14.1;
						TestTargetID = 4AB2DF262919F3C6003C9A76;
					};
					4AB2DF402919F3C7003C9A76 = {
						CreatedOnToolsVersion = 14.1;
						TestTargetID = 4AB2DF262919F3C6003C9A76;
					};
				};
			};
			buildConfigurationList = 4AB2DF222919F3C6003C9A76 /* Build configuration list for PBXProject "Force1.0" */;
			compatibilityVersion = "Xcode 14.0";
			developmentRegion = en;
			hasScannedForEncodings = 0;
			knownRegions = (
				en,
				Base,
			);
			mainGroup = 4AB2DF1E2919F3C6003C9A76;
			packageReferences = (
				4AB2DF7B291A2345003C9A76 /* XCRemoteSwiftPackageReference "realm-cocoa" */,
			);
			productRefGroup = 4AB2DF282919F3C6003C9A76 /* Products */;
			projectDirPath = "";
			projectRoot = "";
			targets = (
				4AB2DF262919F3C6003C9A76 /* Force1.0 */,
				4AB2DF362919F3C7003C9A76 /* Force1.0Tests */,
				4AB2DF402919F3C7003C9A76 /* Force1.0UITests */,
			);
		};
/* End PBXProject section */

/* Begin PBXResourcesBuildPhase section */
		4AB2DF252919F3C6003C9A76 /* Resources */ = {
			isa = PBXResourcesBuildPhase;
			buildActionMask = 2147483647;
			files = (
				4AB2DF322919F3C7003C9A76 /* Preview Assets.xcassets in Resources */,
				4AB2DF2F2919F3C7003C9A76 /* Assets.xcassets in Resources */,
			);
			runOnlyForDeploymentPostprocessing = 0;
		};
		4AB2DF352919F3C7003C9A76 /* Resources */ = {
			isa = PBXResourcesBuildPhase;
			buildActionMask = 2147483647;
			files = (
			);
			runOnlyForDeploymentPostprocessing = 0;
		};
		4AB2DF3F2919F3C7003C9A76 /* Resources */ = {
			isa = PBXResourcesBuildPhase;
			buildActionMask = 2147483647;
			files = (
			);
			runOnlyForDeploymentPostprocessing = 0;
		};
/* End PBXResourcesBuildPhase section */

/* Begin PBXSourcesBuildPhase section */
		4AB2DF232919F3C6003C9A76 /* Sources */ = {
			isa = PBXSourcesBuildPhase;
			buildActionMask = 2147483647;
			files = (
				4AB2DF2D2919F3C6003C9A76 /* ContentView.swift in Sources */,
				4AB2DF682919F7DA003C9A76 /* SettingsScreen.swift in Sources */,
				4AB2DF85291B140F003C9A76 /* SettingsLabelView.swift in Sources */,
				4AB2DF83291AFB7E003C9A76 /* AddWorkoutButton.swift in Sources */,
				4AB2DF662919F77C003C9A76 /* CustomTabBarPreferenceKey.swift in Sources */,
				4AB2DF89291B1598003C9A76 /* SettingsEditTextView.swift in Sources */,
				4AB2DF5E2919F657003C9A76 /* CustomTabBar.swift in Sources */,
				4AB2DF6C2919F810003C9A76 /* SummaryScreen.swift in Sources */,
				4AB2DF81291AEEFB003C9A76 /* EditScreen.swift in Sources */,
				4AB2DF74291A1624003C9A76 /* DetailScreen.swift in Sources */,
				4AB2DF602919F6BF003C9A76 /* CustomTabBarContainer.swift in Sources */,
				4AB2DF5A2919F5DE003C9A76 /* HapticManager.swift in Sources */,
				4AB2DF72291A012F003C9A76 /* HistoryView.swift in Sources */,
				4AB2DF8B291B16C7003C9A76 /* SettingsEditImageView.swift in Sources */,
				4AB2DF6E291A0061003C9A76 /* DailyWorkout.swift in Sources */,
				4AB2DF642919F73C003C9A76 /* TabBarItem.swift in Sources */,
				4AB2DF6A2919F7F9003C9A76 /* WorkoutListScreen.swift in Sources */,
				4AB2DF70291A0106003C9A76 /* History.swift in Sources */,
				4AB2DF5C2919F61A003C9A76 /* TabBarView.swift in Sources */,
				4AB2DF76291A163A003C9A76 /* CardView.swift in Sources */,
				4AB2DF7A291A1BDF003C9A76 /* Color+Codable.swift in Sources */,
				4AB2DF2B2919F3C6003C9A76 /* Force1_0App.swift in Sources */,
				4AB2DF87291B1475003C9A76 /* SettingsRowView.swift in Sources */,
			);
			runOnlyForDeploymentPostprocessing = 0;
		};
		4AB2DF332919F3C7003C9A76 /* Sources */ = {
			isa = PBXSourcesBuildPhase;
			buildActionMask = 2147483647;
			files = (
				4AB2DF3C2919F3C7003C9A76 /* Force1_0Tests.swift in Sources */,
			);
			runOnlyForDeploymentPostprocessing = 0;
		};
		4AB2DF3D2919F3C7003C9A76 /* Sources */ = {
			isa = PBXSourcesBuildPhase;
			buildActionMask = 2147483647;
			files = (
				4AB2DF482919F3C7003C9A76 /* Force1_0UITestsLaunchTests.swift in Sources */,
				4AB2DF462919F3C7003C9A76 /* Force1_0UITests.swift in Sources */,
			);
			runOnlyForDeploymentPostprocessing = 0;
		};
/* End PBXSourcesBuildPhase section */

/* Begin PBXTargetDependency section */
		4AB2DF392919F3C7003C9A76 /* PBXTargetDependency */ = {
			isa = PBXTargetDependency;
			target = 4AB2DF262919F3C6003C9A76 /* Force1.0 */;
			targetProxy = 4AB2DF382919F3C7003C9A76 /* PBXContainerItemProxy */;
		};
		4AB2DF432919F3C7003C9A76 /* PBXTargetDependency */ = {
			isa = PBXTargetDependency;
			target = 4AB2DF262919F3C6003C9A76 /* Force1.0 */;
			targetProxy = 4AB2DF422919F3C7003C9A76 /* PBXContainerItemProxy */;
		};
/* End PBXTargetDependency section */

/* Begin XCBuildConfiguration section */
		4AB2DF492919F3C7003C9A76 /* Debug */ = {
			isa = XCBuildConfiguration;
			buildSettings = {
				ALWAYS_SEARCH_USER_PATHS = NO;
				CLANG_ANALYZER_NONNULL = YES;
				CLANG_ANALYZER_NUMBER_OBJECT_CONVERSION = YES_AGGRESSIVE;
				CLANG_CXX_LANGUAGE_STANDARD = "gnu++20";
				CLANG_ENABLE_MODULES = YES;
				CLANG_ENABLE_OBJC_ARC = YES;
				CLANG_ENABLE_OBJC_WEAK = YES;
				CLANG_WARN_BLOCK_CAPTURE_AUTORELEASING = YES;
				CLANG_WARN_BOOL_CONVERSION = YES;
				CLANG_WARN_COMMA = YES;
				CLANG_WARN_CONSTANT_CONVERSION = YES;
				CLANG_WARN_DEPRECATED_OBJC_IMPLEMENTATIONS = YES;
				CLANG_WARN_DIRECT_OBJC_ISA_USAGE = YES_ERROR;
				CLANG_WARN_DOCUMENTATION_COMMENTS = YES;
				CLANG_WARN_EMPTY_BODY = YES;
				CLANG_WARN_ENUM_CONVERSION = YES;
				CLANG_WARN_INFINITE_RECURSION = YES;
				CLANG_WARN_INT_CONVERSION = YES;
				CLANG_WARN_NON_LITERAL_NULL_CONVERSION = YES;
				CLANG_WARN_OBJC_IMPLICIT_RETAIN_SELF = YES;
				CLANG_WARN_OBJC_LITERAL_CONVERSION = YES;
				CLANG_WARN_OBJC_ROOT_CLASS = YES_ERROR;
				CLANG_WARN_QUOTED_INCLUDE_IN_FRAMEWORK_HEADER = YES;
				CLANG_WARN_RANGE_LOOP_ANALYSIS = YES;
				CLANG_WARN_STRICT_PROTOTYPES = YES;
				CLANG_WARN_SUSPICIOUS_MOVE = YES;
				CLANG_WARN_UNGUARDED_AVAILABILITY = YES_AGGRESSIVE;
				CLANG_WARN_UNREACHABLE_CODE = YES;
				CLANG_WARN__DUPLICATE_METHOD_MATCH = YES;
				COPY_PHASE_STRIP = NO;
				DEBUG_INFORMATION_FORMAT = dwarf;
				ENABLE_STRICT_OBJC_MSGSEND = YES;
				ENABLE_TESTABILITY = YES;
				GCC_C_LANGUAGE_STANDARD = gnu11;
				GCC_DYNAMIC_NO_PIC = NO;
				GCC_NO_COMMON_BLOCKS = YES;
				GCC_OPTIMIZATION_LEVEL = 0;
				GCC_PREPROCESSOR_DEFINITIONS = (
					"DEBUG=1",
					"$(inherited)",
				);
				GCC_WARN_64_TO_32_BIT_CONVERSION = YES;
				GCC_WARN_ABOUT_RETURN_TYPE = YES_ERROR;
				GCC_WARN_UNDECLARED_SELECTOR = YES;
				GCC_WARN_UNINITIALIZED_AUTOS = YES_AGGRESSIVE;
				GCC_WARN_UNUSED_FUNCTION = YES;
				GCC_WARN_UNUSED_VARIABLE = YES;
				IPHONEOS_DEPLOYMENT_TARGET = 16.1;
				MTL_ENABLE_DEBUG_INFO = INCLUDE_SOURCE;
				MTL_FAST_MATH = YES;
				ONLY_ACTIVE_ARCH = YES;
				SDKROOT = iphoneos;
				SWIFT_ACTIVE_COMPILATION_CONDITIONS = DEBUG;
				SWIFT_OPTIMIZATION_LEVEL = "-Onone";
			};
			name = Debug;
		};
		4AB2DF4A2919F3C7003C9A76 /* Release */ = {
			isa = XCBuildConfiguration;
			buildSettings = {
				ALWAYS_SEARCH_USER_PATHS = NO;
				CLANG_ANALYZER_NONNULL = YES;
				CLANG_ANALYZER_NUMBER_OBJECT_CONVERSION = YES_AGGRESSIVE;
				CLANG_CXX_LANGUAGE_STANDARD = "gnu++20";
				CLANG_ENABLE_MODULES = YES;
				CLANG_ENABLE_OBJC_ARC = YES;
				CLANG_ENABLE_OBJC_WEAK = YES;
				CLANG_WARN_BLOCK_CAPTURE_AUTORELEASING = YES;
				CLANG_WARN_BOOL_CONVERSION = YES;
				CLANG_WARN_COMMA = YES;
				CLANG_WARN_CONSTANT_CONVERSION = YES;
				CLANG_WARN_DEPRECATED_OBJC_IMPLEMENTATIONS = YES;
				CLANG_WARN_DIRECT_OBJC_ISA_USAGE = YES_ERROR;
				CLANG_WARN_DOCUMENTATION_COMMENTS = YES;
				CLANG_WARN_EMPTY_BODY = YES;
				CLANG_WARN_ENUM_CONVERSION = YES;
				CLANG_WARN_INFINITE_RECURSION = YES;
				CLANG_WARN_INT_CONVERSION = YES;
				CLANG_WARN_NON_LITERAL_NULL_CONVERSION = YES;
				CLANG_WARN_OBJC_IMPLICIT_RETAIN_SELF = YES;
				CLANG_WARN_OBJC_LITERAL_CONVERSION = YES;
				CLANG_WARN_OBJC_ROOT_CLASS = YES_ERROR;
				CLANG_WARN_QUOTED_INCLUDE_IN_FRAMEWORK_HEADER = YES;
				CLANG_WARN_RANGE_LOOP_ANALYSIS = YES;
				CLANG_WARN_STRICT_PROTOTYPES = YES;
				CLANG_WARN_SUSPICIOUS_MOVE = YES;
				CLANG_WARN_UNGUARDED_AVAILABILITY = YES_AGGRESSIVE;
				CLANG_WARN_UNREACHABLE_CODE = YES;
				CLANG_WARN__DUPLICATE_METHOD_MATCH = YES;
				COPY_PHASE_STRIP = NO;
				DEBUG_INFORMATION_FORMAT = "dwarf-with-dsym";
				ENABLE_NS_ASSERTIONS = NO;
				ENABLE_STRICT_OBJC_MSGSEND = YES;
				GCC_C_LANGUAGE_STANDARD = gnu11;
				GCC_NO_COMMON_BLOCKS = YES;
				GCC_WARN_64_TO_32_BIT_CONVERSION = YES;
				GCC_WARN_ABOUT_RETURN_TYPE = YES_ERROR;
				GCC_WARN_UNDECLARED_SELECTOR = YES;
				GCC_WARN_UNINITIALIZED_AUTOS = YES_AGGRESSIVE;
				GCC_WARN_UNUSED_FUNCTION = YES;
				GCC_WARN_UNUSED_VARIABLE = YES;
				IPHONEOS_DEPLOYMENT_TARGET = 16.1;
				MTL_ENABLE_DEBUG_INFO = NO;
				MTL_FAST_MATH = YES;
				SDKROOT = iphoneos;
				SWIFT_COMPILATION_MODE = wholemodule;
				SWIFT_OPTIMIZATION_LEVEL = "-O";
				VALIDATE_PRODUCT = YES;
			};
			name = Release;
		};
		4AB2DF4C2919F3C7003C9A76 /* Debug */ = {
			isa = XCBuildConfiguration;
			buildSettings = {
				ASSETCATALOG_COMPILER_APPICON_NAME = AppIcon;
				ASSETCATALOG_COMPILER_GLOBAL_ACCENT_COLOR_NAME = AccentColor;
				CODE_SIGN_STYLE = Automatic;
				CURRENT_PROJECT_VERSION = 1;
				DEVELOPMENT_ASSET_PATHS = "\"Force1.0/Preview Content\"";
				DEVELOPMENT_TEAM = W59W3QVKXJ;
				ENABLE_PREVIEWS = YES;
				GENERATE_INFOPLIST_FILE = YES;
				INFOPLIST_KEY_UIApplicationSceneManifest_Generation = YES;
				INFOPLIST_KEY_UIApplicationSupportsIndirectInputEvents = YES;
				INFOPLIST_KEY_UILaunchScreen_Generation = YES;
				INFOPLIST_KEY_UISupportedInterfaceOrientations_iPad = "UIInterfaceOrientationPortrait UIInterfaceOrientationPortraitUpsideDown UIInterfaceOrientationLandscapeLeft UIInterfaceOrientationLandscapeRight";
				INFOPLIST_KEY_UISupportedInterfaceOrientations_iPhone = "UIInterfaceOrientationPortrait UIInterfaceOrientationLandscapeLeft UIInterfaceOrientationLandscapeRight";
				LD_RUNPATH_SEARCH_PATHS = (
					"$(inherited)",
					"@executable_path/Frameworks",
				);
				MARKETING_VERSION = 1.0;
				PRODUCT_BUNDLE_IDENTIFIER = "com.sigmatech.daily-workout.Force1-0";
				PRODUCT_NAME = "$(TARGET_NAME)";
				SWIFT_EMIT_LOC_STRINGS = YES;
				SWIFT_VERSION = 5.0;
				TARGETED_DEVICE_FAMILY = "1,2";
			};
			name = Debug;
		};
		4AB2DF4D2919F3C7003C9A76 /* Release */ = {
			isa = XCBuildConfiguration;
			buildSettings = {
				ASSETCATALOG_COMPILER_APPICON_NAME = AppIcon;
				ASSETCATALOG_COMPILER_GLOBAL_ACCENT_COLOR_NAME = AccentColor;
				CODE_SIGN_STYLE = Automatic;
				CURRENT_PROJECT_VERSION = 1;
				DEVELOPMENT_ASSET_PATHS = "\"Force1.0/Preview Content\"";
				DEVELOPMENT_TEAM = W59W3QVKXJ;
				ENABLE_PREVIEWS = YES;
				GENERATE_INFOPLIST_FILE = YES;
				INFOPLIST_KEY_UIApplicationSceneManifest_Generation = YES;
				INFOPLIST_KEY_UIApplicationSupportsIndirectInputEvents = YES;
				INFOPLIST_KEY_UILaunchScreen_Generation = YES;
				INFOPLIST_KEY_UISupportedInterfaceOrientations_iPad = "UIInterfaceOrientationPortrait UIInterfaceOrientationPortraitUpsideDown UIInterfaceOrientationLandscapeLeft UIInterfaceOrientationLandscapeRight";
				INFOPLIST_KEY_UISupportedInterfaceOrientations_iPhone = "UIInterfaceOrientationPortrait UIInterfaceOrientationLandscapeLeft UIInterfaceOrientationLandscapeRight";
				LD_RUNPATH_SEARCH_PATHS = (
					"$(inherited)",
					"@executable_path/Frameworks",
				);
				MARKETING_VERSION = 1.0;
				PRODUCT_BUNDLE_IDENTIFIER = "com.sigmatech.daily-workout.Force1-0";
				PRODUCT_NAME = "$(TARGET_NAME)";
				SWIFT_EMIT_LOC_STRINGS = YES;
				SWIFT_VERSION = 5.0;
				TARGETED_DEVICE_FAMILY = "1,2";
			};
			name = Release;
		};
		4AB2DF4F2919F3C7003C9A76 /* Debug */ = {
			isa = XCBuildConfiguration;
			buildSettings = {
				ALWAYS_EMBED_SWIFT_STANDARD_LIBRARIES = YES;
				BUNDLE_LOADER = "$(TEST_HOST)";
				CODE_SIGN_STYLE = Automatic;
				CURRENT_PROJECT_VERSION = 1;
				DEVELOPMENT_TEAM = W59W3QVKXJ;
				GENERATE_INFOPLIST_FILE = YES;
				IPHONEOS_DEPLOYMENT_TARGET = 16.1;
				MARKETING_VERSION = 1.0;
				PRODUCT_BUNDLE_IDENTIFIER = "com.sigmatech.daily-workout.Force1-0Tests";
				PRODUCT_NAME = "$(TARGET_NAME)";
				SWIFT_EMIT_LOC_STRINGS = NO;
				SWIFT_VERSION = 5.0;
				TARGETED_DEVICE_FAMILY = "1,2";
				TEST_HOST = "$(BUILT_PRODUCTS_DIR)/Force1.0.app/$(BUNDLE_EXECUTABLE_FOLDER_PATH)/Force1.0";
			};
			name = Debug;
		};
		4AB2DF502919F3C7003C9A76 /* Release */ = {
			isa = XCBuildConfiguration;
			buildSettings = {
				ALWAYS_EMBED_SWIFT_STANDARD_LIBRARIES = YES;
				BUNDLE_LOADER = "$(TEST_HOST)";
				CODE_SIGN_STYLE = Automatic;
				CURRENT_PROJECT_VERSION = 1;
				DEVELOPMENT_TEAM = W59W3QVKXJ;
				GENERATE_INFOPLIST_FILE = YES;
				IPHONEOS_DEPLOYMENT_TARGET = 16.1;
				MARKETING_VERSION = 1.0;
				PRODUCT_BUNDLE_IDENTIFIER = "com.sigmatech.daily-workout.Force1-0Tests";
				PRODUCT_NAME = "$(TARGET_NAME)";
				SWIFT_EMIT_LOC_STRINGS = NO;
				SWIFT_VERSION = 5.0;
				TARGETED_DEVICE_FAMILY = "1,2";
				TEST_HOST = "$(BUILT_PRODUCTS_DIR)/Force1.0.app/$(BUNDLE_EXECUTABLE_FOLDER_PATH)/Force1.0";
			};
			name = Release;
		};
		4AB2DF522919F3C7003C9A76 /* Debug */ = {
			isa = XCBuildConfiguration;
			buildSettings = {
				ALWAYS_EMBED_SWIFT_STANDARD_LIBRARIES = YES;
				CODE_SIGN_STYLE = Automatic;
				CURRENT_PROJECT_VERSION = 1;
				DEVELOPMENT_TEAM = W59W3QVKXJ;
				GENERATE_INFOPLIST_FILE = YES;
				MARKETING_VERSION = 1.0;
				PRODUCT_BUNDLE_IDENTIFIER = "com.sigmatech.daily-workout.Force1-0UITests";
				PRODUCT_NAME = "$(TARGET_NAME)";
				SWIFT_EMIT_LOC_STRINGS = NO;
				SWIFT_VERSION = 5.0;
				TARGETED_DEVICE_FAMILY = "1,2";
				TEST_TARGET_NAME = Force1.0;
			};
			name = Debug;
		};
		4AB2DF532919F3C7003C9A76 /* Release */ = {
			isa = XCBuildConfiguration;
			buildSettings = {
				ALWAYS_EMBED_SWIFT_STANDARD_LIBRARIES = YES;
				CODE_SIGN_STYLE = Automatic;
				CURRENT_PROJECT_VERSION = 1;
				DEVELOPMENT_TEAM = W59W3QVKXJ;
				GENERATE_INFOPLIST_FILE = YES;
				MARKETING_VERSION = 1.0;
				PRODUCT_BUNDLE_IDENTIFIER = "com.sigmatech.daily-workout.Force1-0UITests";
				PRODUCT_NAME = "$(TARGET_NAME)";
				SWIFT_EMIT_LOC_STRINGS = NO;
				SWIFT_VERSION = 5.0;
				TARGETED_DEVICE_FAMILY = "1,2";
				TEST_TARGET_NAME = Force1.0;
			};
			name = Release;
		};
/* End XCBuildConfiguration section */

/* Begin XCConfigurationList section */
		4AB2DF222919F3C6003C9A76 /* Build configuration list for PBXProject "Force1.0" */ = {
			isa = XCConfigurationList;
			buildConfigurations = (
				4AB2DF492919F3C7003C9A76 /* Debug */,
				4AB2DF4A2919F3C7003C9A76 /* Release */,
			);
			defaultConfigurationIsVisible = 0;
			defaultConfigurationName = Release;
		};
		4AB2DF4B2919F3C7003C9A76 /* Build configuration list for PBXNativeTarget "Force1.0" */ = {
			isa = XCConfigurationList;
			buildConfigurations = (
				4AB2DF4C2919F3C7003C9A76 /* Debug */,
				4AB2DF4D2919F3C7003C9A76 /* Release */,
			);
			defaultConfigurationIsVisible = 0;
			defaultConfigurationName = Release;
		};
		4AB2DF4E2919F3C7003C9A76 /* Build configuration list for PBXNativeTarget "Force1.0Tests" */ = {
			isa = XCConfigurationList;
			buildConfigurations = (
				4AB2DF4F2919F3C7003C9A76 /* Debug */,
				4AB2DF502919F3C7003C9A76 /* Release */,
			);
			defaultConfigurationIsVisible = 0;
			defaultConfigurationName = Release;
		};
		4AB2DF512919F3C7003C9A76 /* Build configuration list for PBXNativeTarget "Force1.0UITests" */ = {
			isa = XCConfigurationList;
			buildConfigurations = (
				4AB2DF522919F3C7003C9A76 /* Debug */,
				4AB2DF532919F3C7003C9A76 /* Release */,
			);
			defaultConfigurationIsVisible = 0;
			defaultConfigurationName = Release;
		};
/* End XCConfigurationList section */

/* Begin XCRemoteSwiftPackageReference section */
		4AB2DF7B291A2345003C9A76 /* XCRemoteSwiftPackageReference "realm-cocoa" */ = {
			isa = XCRemoteSwiftPackageReference;
			repositoryURL = "https://github.com/realm/realm-cocoa";
			requirement = {
				branch = master;
				kind = branch;
			};
		};
/* End XCRemoteSwiftPackageReference section */

/* Begin XCSwiftPackageProductDependency section */
		4AB2DF7C291A2345003C9A76 /* Realm */ = {
			isa = XCSwiftPackageProductDependency;
			package = 4AB2DF7B291A2345003C9A76 /* XCRemoteSwiftPackageReference "realm-cocoa" */;
			productName = Realm;
		};
		4AB2DF7E291A2345003C9A76 /* RealmSwift */ = {
			isa = XCSwiftPackageProductDependency;
			package = 4AB2DF7B291A2345003C9A76 /* XCRemoteSwiftPackageReference "realm-cocoa" */;
			productName = RealmSwift;
		};
/* End XCSwiftPackageProductDependency section */
	};
	rootObject = 4AB2DF1F2919F3C6003C9A76 /* Project object */;
}
